
Microsoft Visual Studio Solution File, Format Version 12.00
# Visual Studio Version 17
VisualStudioVersion = 17.3.32922.545
MinimumVisualStudioVersion = 10.0.40219.1
Project("{8BC9CEB8-8B4A-11D0-8D11-00A0C91BC942}") = "MazeGame", "MazeGame.vcxproj", "{0564DED6-6496-498C-8EF8-CB2F67D671BF}"
EndProject
Project("{8BC9CEB8-8B4A-11D0-8D11-00A0C91BC942}") = "LevelEditor", "..\LevelEditor\LevelEditor.vcxproj", "{DED74936-B74C-4F60-9A75-93A773B3C984}"
EndProject
Global
	GlobalSection(SolutionConfigurationPlatforms) = preSolution
		Debug|x64 = Debug|x64
		Debug|x86 = Debug|x86
		Release|x64 = Release|x64
		Release|x86 = Release|x86
	EndGlobalSection
	GlobalSection(ProjectConfigurationPlatforms) = postSolution
		{0564DED6-6496-498C-8EF8-CB2F67D671BF}.Debug|x64.ActiveCfg = Debug|x64
		{0564DED6-6496-498C-8EF8-CB2F67D671BF}.Debug|x64.Build.0 = Debug|x64
		{0564DED6-6496-498C-8EF8-CB2F67D671BF}.Debug|x86.ActiveCfg = Debug|Win32
		{0564DED6-6496-498C-8EF8-CB2F67D671BF}.Debug|x86.Build.0 = Debug|Win32
		{0564DED6-6496-498C-8EF8-CB2F67D671BF}.Release|x64.ActiveCfg = Release|x64
		{0564DED6-6496-498C-8EF8-CB2F67D671BF}.Release|x64.Build.0 = Release|x64
		{0564DED6-6496-498C-8EF8-CB2F67D671BF}.Release|x86.ActiveCfg = Release|Win32
		{0564DED6-6496-498C-8EF8-CB2F67D671BF}.Release|x86.Build.0 = Release|Win32
		{DED74936-B74C-4F60-9A75-93A773B3C984}.Debug|x64.ActiveCfg = Debug|x64
		{DED74936-B74C-4F60-9A75-93A773B3C984}.Debug|x64.Build.0 = Debug|x64
		{DED74936-B74C-4F60-9A75-93A773B3C984}.Debug|x86.ActiveCfg = Debug|Win32
		{DED74936-B74C-4F60-9A75-93A773B3C984}.Debug|x86.Build.0 = Debug|Win32
		{DED74936-B74C-4F60-9A75-93A773B3C984}.Release|x64.ActiveCfg = Release|x64
		{DED74936-B74C-4F60-9A75-93A773B3C984}.Release|x64.Build.0 = Release|x64
		{DED74936-B74C-4F60-9A75-93A773B3C984}.Release|x86.ActiveCfg = Release|Win32
		{DED74936-B74C-4F60-9A75-93A773B3C984}.Release|x86.Build.0 = Release|Win32
	EndGlobalSection
	GlobalSection(SolutionProperties) = preSolution
		HideSolutionNode = FALSE
	EndGlobalSection
	GlobalSection(ExtensibilityGlobals) = postSolution
		SolutionGuid = {B25DD6E4-E105-4ED5-AFFA-B48919E42015}
	EndGlobalSection
EndGlobal
